# THIS IS AN AUTOGENERATED FILE. DO NOT EDIT THIS FILE DIRECTLY.
# yarn lockfile v1


assertion-error@1.0.0:
  version "1.0.0"
  resolved "https://registry.yarnpkg.com/assertion-error/-/assertion-error-1.0.0.tgz#c7f85438fdd466bc7ca16ab90c81513797a5d23b"
  integrity sha1-x/hUOP3UZrx8oWq5DIFRN5el0js=

bignumber.js@^7.0.0:
  version "7.2.1"
  resolved "https://registry.yarnpkg.com/bignumber.js/-/bignumber.js-7.2.1.tgz#80c048759d826800807c4bfd521e50edbba57a5f"
  integrity sha512-S4XzBk5sMB+Rcb/LNcpzXr57VRTxgAvaAEDAl1AwRx27j00hT84O6OkteE7u8UB3NuaaygCRrEpqox4uDOrbdQ==

chai@~1.9.1:
  version "1.9.2"
  resolved "https://registry.yarnpkg.com/chai/-/chai-1.9.2.tgz#3f1a20f82b0b9d7437577d24d6f12b1a69d3b590"
  integrity sha1-Pxog+CsLnXQ3V30k1vErGmnTtZA=
  dependencies:
    assertion-error "1.0.0"
    deep-eql "0.1.3"

commander@0.6.1:
  version "0.6.1"
  resolved "https://registry.yarnpkg.com/commander/-/commander-0.6.1.tgz#fa68a14f6a945d54dbbe50d8cdb3320e9e3b1a06"
  integrity sha1-+mihT2qUXVTbvlDYzbMyDp47GgY=

commander@2.0.0:
  version "2.0.0"
  resolved "https://registry.yarnpkg.com/commander/-/commander-2.0.0.tgz#d1b86f901f8b64bd941bdeadaf924530393be928"
  integrity sha1-0bhvkB+LZL2UG96tr5JFMDk76Sg=

debug@*:
  version "4.1.0"
  resolved "https://registry.yarnpkg.com/debug/-/debug-4.1.0.tgz#373687bffa678b38b1cd91f861b63850035ddc87"
  integrity sha512-heNPJUJIqC+xB6ayLAMHaIrmN9HKa7aQO8MGqKpvCA+uJYVcvR6l5kgdrhRuwPFHU7P5/A1w0BjByPHwpfTDKg==
  dependencies:
    ms "^2.1.1"

deep-eql@0.1.3:
  version "0.1.3"
  resolved "https://registry.yarnpkg.com/deep-eql/-/deep-eql-0.1.3.tgz#ef558acab8de25206cd713906d74e56930eb69f2"
  integrity sha1-71WKyrjeJSBs1xOQbXTlaTDrafI=
  dependencies:
    type-detect "0.1.1"

diff@1.0.7:
  version "1.0.7"
  resolved "https://registry.yarnpkg.com/diff/-/diff-1.0.7.tgz#24bbb001c4a7d5522169e7cabdb2c2814ed91cf4"
  integrity sha1-JLuwAcSn1VIhaefKvbLCgU7ZHPQ=

glob@3.2.3:
  version "3.2.3"
  resolved "https://registry.yarnpkg.com/glob/-/glob-3.2.3.tgz#e313eeb249c7affaa5c475286b0e115b59839467"
  integrity sha1-4xPusknHr/qlxHUoaw4RW1mDlGc=
  dependencies:
    graceful-fs "~2.0.0"
    inherits "2"
    minimatch "~0.2.11"

graceful-fs@~2.0.0:
  version "2.0.3"
  resolved "https://registry.yarnpkg.com/graceful-fs/-/graceful-fs-2.0.3.tgz#7cd2cdb228a4a3f36e95efa6cc142de7d1a136d0"
  integrity sha1-fNLNsiiko/Nule+mzBQt59GhNtA=

growl@1.7.x:
  version "1.7.0"
  resolved "https://registry.yarnpkg.com/growl/-/growl-1.7.0.tgz#de2d66136d002e112ba70f3f10c31cf7c350b2da"
  integrity sha1-3i1mE20ALhErpw8/EMMc98NQsto=

inherits@2:
  version "2.0.3"
  resolved "https://registry.yarnpkg.com/inherits/-/inherits-2.0.3.tgz#633c2c83e3da42a502f52466022480f4208261de"
  integrity sha1-Yzwsg+PaQqUC9SRmAiSA9CCCYd4=

jade@0.26.3:
  version "0.26.3"
  resolved "https://registry.yarnpkg.com/jade/-/jade-0.26.3.tgz#8f10d7977d8d79f2f6ff862a81b0513ccb25686c"
  integrity sha1-jxDXl32NefL2/4YqgbBRPMslaGw=
  dependencies:
    commander "0.6.1"
    mkdirp "0.3.0"

lru-cache@2:
  version "2.7.3"
  resolved "https://registry.yarnpkg.com/lru-cache/-/lru-cache-2.7.3.tgz#6d4524e8b955f95d4f5b58851ce21dd72fb4e952"
  integrity sha1-bUUk6LlV+V1PW1iFHOId1y+06VI=

minimatch@~0.2.11:
  version "0.2.14"
  resolved "https://registry.yarnpkg.com/minimatch/-/minimatch-0.2.14.tgz#c74e780574f63c6f9a090e90efbe6ef53a6a756a"
  integrity sha1-x054BXT2PG+aCQ6Q775u9TpqdWo=
  dependencies:
    lru-cache "2"
    sigmund "~1.0.0"

mkdirp@0.3.0:
  version "0.3.0"
  resolved "https://registry.yarnpkg.com/mkdirp/-/mkdirp-0.3.0.tgz#1bbf5ab1ba827af23575143490426455f481fe1e"
  integrity sha1-G79asbqCevI1dRQ0kEJkVfSB/h4=

mkdirp@0.3.5:
  version "0.3.5"
  resolved "https://registry.yarnpkg.com/mkdirp/-/mkdirp-0.3.5.tgz#de3e5f8961c88c787ee1368df849ac4413eca8d7"
  integrity sha1-3j5fiWHIjHh+4TaN+EmsRBPsqNc=

mocha@~1.20.1:
  version "1.20.1"
  resolved "https://registry.yarnpkg.com/mocha/-/mocha-1.20.1.tgz#f343832d9fe0c7d97c64fc70448f5136df9fed5b"
  integrity sha1-80ODLZ/gx9l8ZPxwRI9RNt+f7Vs=
  dependencies:
    commander "2.0.0"
    debug "*"
    diff "1.0.7"
    glob "3.2.3"
    growl "1.7.x"
    jade "0.26.3"
    mkdirp "0.3.5"

ms@^2.1.1:
  version "2.1.1"
  resolved "https://registry.yarnpkg.com/ms/-/ms-2.1.1.tgz#30a5864eb3ebb0a66f2ebe6d727af06a09d86e0a"
  integrity sha512-tgp+dl5cGk28utYktBsrFqA7HKgrhgPsg6Z/EfhWI4gl1Hwq8B/GmY/0oXZ6nF8hDVesS/FpnYaD/kOWhYQvyg==

sigmund@~1.0.0:
  version "1.0.1"
  resolved "https://registry.yarnpkg.com/sigmund/-/sigmund-1.0.1.tgz#3ff21f198cad2175f9f3b781853fd94d0d19b590"
  integrity sha1-P/IfGYytIXX587eBhT/ZTQ0ZtZA=

type-detect@0.1.1:
  version "0.1.1"
  resolved "https://registry.yarnpkg.com/type-detect/-/type-detect-0.1.1.tgz#0ba5ec2a885640e470ea4e8505971900dac58822"
  integrity sha1-C6XsKohWQORw6k6FBZcZANrFiCI=
